
Microsoft Visual Studio Solution File, Format Version 12.00
# Visual Studio 2012
Project("{FAE04EC0-301F-11D3-BF4B-00C04F79EFBC}") = "AnimalShelter", "AnimalShelter\AnimalShelter.csproj", "{A67A74F7-23BC-4D6F-ADB5-356A40686672}"
EndProject
Global
	GlobalSection(SolutionConfigurationPlatforms) = preSolution
		Debug|Any CPU = Debug|Any CPU
		Release|Any CPU = Release|Any CPU
	EndGlobalSection
	GlobalSection(ProjectConfigurationPlatforms) = postSolution
		{A67A74F7-23BC-4D6F-ADB5-356A40686672}.Debug|Any CPU.ActiveCfg = Debug|Any CPU
		{A67A74F7-23BC-4D6F-ADB5-356A40686672}.Debug|Any CPU.Build.0 = Debug|Any CPU
		{A67A74F7-23BC-4D6F-ADB5-356A40686672}.Release|Any CPU.ActiveCfg = Release|Any CPU
		{A67A74F7-23BC-4D6F-ADB5-356A40686672}.Release|Any CPU.Build.0 = Release|Any CPU
	EndGlobalSection
	GlobalSection(SolutionProperties) = preSolution
		HideSolutionNode = FALSE
	EndGlobalSection
EndGlobal
